
Microsoft Visual Studio Solution File, Format Version 12.00
# Visual Studio Version 17
VisualStudioVersion = 17.11.35219.272
MinimumVisualStudioVersion = 10.0.40219.1
Project("{FAE04EC0-301F-11D3-BF4B-00C04F79EFBC}") = "Panasz", "Panasz\Panasz.csproj", "{DB917379-0887-414D-A106-AF784597C365}"
EndProject
Global
	GlobalSection(SolutionConfigurationPlatforms) = preSolution
		Debug|Any CPU = Debug|Any CPU
		Release|Any CPU = Release|Any CPU
	EndGlobalSection
	GlobalSection(ProjectConfigurationPlatforms) = postSolution
		{DB917379-0887-414D-A106-AF784597C365}.Debug|Any CPU.ActiveCfg = Debug|Any CPU
		{DB917379-0887-414D-A106-AF784597C365}.Debug|Any CPU.Build.0 = Debug|Any CPU
		{DB917379-0887-414D-A106-AF784597C365}.Release|Any CPU.ActiveCfg = Release|Any CPU
		{DB917379-0887-414D-A106-AF784597C365}.Release|Any CPU.Build.0 = Release|Any CPU
	EndGlobalSection
	GlobalSection(SolutionProperties) = preSolution
		HideSolutionNode = FALSE
	EndGlobalSection
	GlobalSection(ExtensibilityGlobals) = postSolution
		SolutionGuid = {28951BC7-B2D1-4BD4-A7D2-BE58BBA1189E}
	EndGlobalSection
EndGlobal
